
Microsoft Visual Studio Solution File, Format Version 12.00
Project("{FAE04EC0-301F-11D3-BF4B-00C04F79EFBC}") = "Module5Lecture2", "Module5Lecture2.csproj", "{A9E45A33-31A6-4110-9C40-1B01079241C8}"
EndProject
Global
	GlobalSection(SolutionConfigurationPlatforms) = preSolution
		Debug|Any CPU = Debug|Any CPU
		Release|Any CPU = Release|Any CPU
	EndGlobalSection
	GlobalSection(ProjectConfigurationPlatforms) = postSolution
		{A9E45A33-31A6-4110-9C40-1B01079241C8}.Debug|Any CPU.ActiveCfg = Debug|Any CPU
		{A9E45A33-31A6-4110-9C40-1B01079241C8}.Debug|Any CPU.Build.0 = Debug|Any CPU
		{A9E45A33-31A6-4110-9C40-1B01079241C8}.Release|Any CPU.ActiveCfg = Release|Any CPU
		{A9E45A33-31A6-4110-9C40-1B01079241C8}.Release|Any CPU.Build.0 = Release|Any CPU
	EndGlobalSection
EndGlobal
